
Microsoft Visual Studio Solution File, Format Version 12.00
# Visual Studio Version 16
VisualStudioVersion = 16.0.31205.134
MinimumVisualStudioVersion = 10.0.40219.1
Project("{FAE04EC0-301F-11D3-BF4B-00C04F79EFBC}") = "CarsonWilsonFinal", "CarsonWilsonFinal\CarsonWilsonFinal.csproj", "{7D081368-81A5-4949-A676-B37F30543317}"
EndProject
Global
	GlobalSection(SolutionConfigurationPlatforms) = preSolution
		Debug|Any CPU = Debug|Any CPU
		Release|Any CPU = Release|Any CPU
	EndGlobalSection
	GlobalSection(ProjectConfigurationPlatforms) = postSolution
		{7D081368-81A5-4949-A676-B37F30543317}.Debug|Any CPU.ActiveCfg = Debug|Any CPU
		{7D081368-81A5-4949-A676-B37F30543317}.Debug|Any CPU.Build.0 = Debug|Any CPU
		{7D081368-81A5-4949-A676-B37F30543317}.Release|Any CPU.ActiveCfg = Release|Any CPU
		{7D081368-81A5-4949-A676-B37F30543317}.Release|Any CPU.Build.0 = Release|Any CPU
	EndGlobalSection
	GlobalSection(SolutionProperties) = preSolution
		HideSolutionNode = FALSE
	EndGlobalSection
	GlobalSection(ExtensibilityGlobals) = postSolution
		SolutionGuid = {A7F373C0-39F1-48A7-A59E-30C6F04C299D}
	EndGlobalSection
EndGlobal
